
Microsoft Visual Studio Solution File, Format Version 11.00
# Visual Studio 2010
Project("{2150E333-8FDC-42A3-9474-1A3956D46DE8}") = "0-Modeling and Design", "0-Modeling and Design", "{0C5BE068-C990-4A47-877B-FC0A2E049C7E}"
EndProject
Project("{2150E333-8FDC-42A3-9474-1A3956D46DE8}") = "1-Layers", "1-Layers", "{06395F8A-62D2-41FC-8740-7E99CBAA0E6C}"
EndProject
Project("{2150E333-8FDC-42A3-9474-1A3956D46DE8}") = "2-Database", "2-Database", "{D8FD3204-300A-41DE-A1DE-29EED39A2D6B}"
EndProject
Project("{2150E333-8FDC-42A3-9474-1A3956D46DE8}") = "Solution Items", "Solution Items", "{85BFBB7F-C3E5-4CB0-A4DF-A8EAA11B07C2}"
	ProjectSection(SolutionItems) = preProject
		DCIDemo.2.0.vsmdi = DCIDemo.2.0.vsmdi
		Local.testsettings = Local.testsettings
		TraceAndTestImpact.testsettings = TraceAndTestImpact.testsettings
	EndProjectSection
EndProject
Project("{2150E333-8FDC-42A3-9474-1A3956D46DE8}") = "1.1-Presentation", "1.1-Presentation", "{733BF593-5FF2-4F7D-A6AE-0D7999BFC3C3}"
EndProject
Project("{2150E333-8FDC-42A3-9474-1A3956D46DE8}") = "1.2-Distributed Services", "1.2-Distributed Services", "{6CE1D800-64BF-41CE-888C-29605F586AC5}"
EndProject
Project("{2150E333-8FDC-42A3-9474-1A3956D46DE8}") = "1.3-Application", "1.3-Application", "{5E63C5E7-DEA3-4976-A214-5BF862D61B0F}"
EndProject
Project("{2150E333-8FDC-42A3-9474-1A3956D46DE8}") = "1.4-Domain", "1.4-Domain", "{3C318936-D2C7-4B80-AB42-BE4AD5E4C235}"
EndProject
Project("{2150E333-8FDC-42A3-9474-1A3956D46DE8}") = "1.5-Infrastructure", "1.5-Infrastructure", "{753D4650-3156-477E-B557-51F82DF4FED9}"
EndProject
Project("{2150E333-8FDC-42A3-9474-1A3956D46DE8}") = "1.1.1-Web", "1.1.1-Web", "{F3BC4440-006B-4BD2-BF3A-66C11C32F288}"
EndProject
Project("{2150E333-8FDC-42A3-9474-1A3956D46DE8}") = "1.2.1-Seedwork", "1.2.1-Seedwork", "{4AFC94B7-C4D3-4756-86F5-B3D41D9503F9}"
EndProject
Project("{2150E333-8FDC-42A3-9474-1A3956D46DE8}") = "1.2.2-MainBoundedContext", "1.2.2-MainBoundedContext", "{85C796A7-FA34-4F8B-8F05-85571BF42677}"
EndProject
Project("{2150E333-8FDC-42A3-9474-1A3956D46DE8}") = "1.3.1-Seedwork", "1.3.1-Seedwork", "{721B6A07-6B30-4403-8F2A-92FD376D43C9}"
EndProject
Project("{2150E333-8FDC-42A3-9474-1A3956D46DE8}") = "1.3.2-MainBoundedContext", "1.3.2-MainBoundedContext", "{E32D1647-801E-4C1D-984A-7B8AC9057634}"
EndProject
Project("{2150E333-8FDC-42A3-9474-1A3956D46DE8}") = "1.4.1-Seedwork", "1.4.1-Seedwork", "{67B8A5D3-F7BA-48E2-87E9-FA059723195F}"
EndProject
Project("{2150E333-8FDC-42A3-9474-1A3956D46DE8}") = "1.4.2-MainBoundedContext", "1.4.2-MainBoundedContext", "{1E3BAFCE-B0B0-4786-9531-E0584E507556}"
EndProject
Project("{2150E333-8FDC-42A3-9474-1A3956D46DE8}") = "1.5.1-Data", "1.5.1-Data", "{234DC226-19B2-4098-B6DF-010830AA6539}"
EndProject
Project("{2150E333-8FDC-42A3-9474-1A3956D46DE8}") = "1.5.2-CrossCutting", "1.5.2-CrossCutting", "{A8000BA1-65CB-4A55-9AFF-90A4D9B18D9B}"
EndProject
Project("{2150E333-8FDC-42A3-9474-1A3956D46DE8}") = "1.5.1.1-Data.Seedwork", "1.5.1.1-Data.Seedwork", "{C72480DB-F4B8-4F89-B388-AE99EE83340B}"
EndProject
Project("{2150E333-8FDC-42A3-9474-1A3956D46DE8}") = "1.5.1.2-Data.MainBoundedContext", "1.5.1.2-Data.MainBoundedContext", "{85C23601-48EC-4A9A-816B-62789E1022CB}"
EndProject
Project("{2150E333-8FDC-42A3-9474-1A3956D46DE8}") = "1.5.2.1-CrossCutting.Seedwork", "1.5.2.1-CrossCutting.Seedwork", "{2E88AC17-FC2C-49DA-B305-228B14BC446F}"
EndProject
Project("{FAE04EC0-301F-11D3-BF4B-00C04F79EFBC}") = "Infrastructure.Crosscutting.SeedWork", "Infrastructure.Crosscutting.SeedWork\Infrastructure.Crosscutting.SeedWork.csproj", "{9DC35EC0-469C-4865-ABA1-18FC83EA6482}"
EndProject
Project("{2150E333-8FDC-42A3-9474-1A3956D46DE8}") = "1.5.2.2-CrossCutting.MainBoundedContext", "1.5.2.2-CrossCutting.MainBoundedContext", "{52CB2E64-0CFB-43A1-B597-394E4AB88A9A}"
EndProject
Project("{FAE04EC0-301F-11D3-BF4B-00C04F79EFBC}") = "Infrastructure.Crosscutting.MainBoundedContent", "Infrastructure.Crosscutting.MainBoundedContent\Infrastructure.Crosscutting.MainBoundedContent.csproj", "{5BE8D1CB-DC29-432A-9638-455CBD794B3E}"
EndProject
Project("{FAE04EC0-301F-11D3-BF4B-00C04F79EFBC}") = "Presentantion.Web.MVC", "Presentantion.Web.MVC\Presentantion.Web.MVC.csproj", "{C2791115-EE1F-47DB-900C-C147C6F2716B}"
EndProject
Project("{FAE04EC0-301F-11D3-BF4B-00C04F79EFBC}") = "Presentantion.Web.MVC.Tests", "Presentantion.Web.MVC.Tests\Presentantion.Web.MVC.Tests.csproj", "{4C5E9B20-4375-46C7-B11D-95CCA69C28BF}"
EndProject
Project("{FAE04EC0-301F-11D3-BF4B-00C04F79EFBC}") = "Infrastructure.Crosscutting.Tests", "Infrastructure.Crosscutting\Infrastructure.Crosscutting.Tests.csproj", "{07508E05-CABE-40C4-AC6F-C80B4D7F0047}"
EndProject
Global
	GlobalSection(TestCaseManagementSettings) = postSolution
		CategoryFile = DCIDemo.2.0.vsmdi
	EndGlobalSection
	GlobalSection(SolutionConfigurationPlatforms) = preSolution
		Debug|Any CPU = Debug|Any CPU
		Release|Any CPU = Release|Any CPU
	EndGlobalSection
	GlobalSection(ProjectConfigurationPlatforms) = postSolution
		{9DC35EC0-469C-4865-ABA1-18FC83EA6482}.Debug|Any CPU.ActiveCfg = Debug|Any CPU
		{9DC35EC0-469C-4865-ABA1-18FC83EA6482}.Debug|Any CPU.Build.0 = Debug|Any CPU
		{9DC35EC0-469C-4865-ABA1-18FC83EA6482}.Release|Any CPU.ActiveCfg = Release|Any CPU
		{9DC35EC0-469C-4865-ABA1-18FC83EA6482}.Release|Any CPU.Build.0 = Release|Any CPU
		{5BE8D1CB-DC29-432A-9638-455CBD794B3E}.Debug|Any CPU.ActiveCfg = Debug|Any CPU
		{5BE8D1CB-DC29-432A-9638-455CBD794B3E}.Debug|Any CPU.Build.0 = Debug|Any CPU
		{5BE8D1CB-DC29-432A-9638-455CBD794B3E}.Release|Any CPU.ActiveCfg = Release|Any CPU
		{5BE8D1CB-DC29-432A-9638-455CBD794B3E}.Release|Any CPU.Build.0 = Release|Any CPU
		{C2791115-EE1F-47DB-900C-C147C6F2716B}.Debug|Any CPU.ActiveCfg = Debug|Any CPU
		{C2791115-EE1F-47DB-900C-C147C6F2716B}.Debug|Any CPU.Build.0 = Debug|Any CPU
		{C2791115-EE1F-47DB-900C-C147C6F2716B}.Release|Any CPU.ActiveCfg = Release|Any CPU
		{C2791115-EE1F-47DB-900C-C147C6F2716B}.Release|Any CPU.Build.0 = Release|Any CPU
		{4C5E9B20-4375-46C7-B11D-95CCA69C28BF}.Debug|Any CPU.ActiveCfg = Debug|Any CPU
		{4C5E9B20-4375-46C7-B11D-95CCA69C28BF}.Debug|Any CPU.Build.0 = Debug|Any CPU
		{4C5E9B20-4375-46C7-B11D-95CCA69C28BF}.Release|Any CPU.ActiveCfg = Release|Any CPU
		{4C5E9B20-4375-46C7-B11D-95CCA69C28BF}.Release|Any CPU.Build.0 = Release|Any CPU
		{07508E05-CABE-40C4-AC6F-C80B4D7F0047}.Debug|Any CPU.ActiveCfg = Debug|Any CPU
		{07508E05-CABE-40C4-AC6F-C80B4D7F0047}.Debug|Any CPU.Build.0 = Debug|Any CPU
		{07508E05-CABE-40C4-AC6F-C80B4D7F0047}.Release|Any CPU.ActiveCfg = Release|Any CPU
		{07508E05-CABE-40C4-AC6F-C80B4D7F0047}.Release|Any CPU.Build.0 = Release|Any CPU
	EndGlobalSection
	GlobalSection(SolutionProperties) = preSolution
		HideSolutionNode = FALSE
	EndGlobalSection
	GlobalSection(NestedProjects) = preSolution
		{733BF593-5FF2-4F7D-A6AE-0D7999BFC3C3} = {06395F8A-62D2-41FC-8740-7E99CBAA0E6C}
		{6CE1D800-64BF-41CE-888C-29605F586AC5} = {06395F8A-62D2-41FC-8740-7E99CBAA0E6C}
		{5E63C5E7-DEA3-4976-A214-5BF862D61B0F} = {06395F8A-62D2-41FC-8740-7E99CBAA0E6C}
		{3C318936-D2C7-4B80-AB42-BE4AD5E4C235} = {06395F8A-62D2-41FC-8740-7E99CBAA0E6C}
		{753D4650-3156-477E-B557-51F82DF4FED9} = {06395F8A-62D2-41FC-8740-7E99CBAA0E6C}
		{F3BC4440-006B-4BD2-BF3A-66C11C32F288} = {733BF593-5FF2-4F7D-A6AE-0D7999BFC3C3}
		{4AFC94B7-C4D3-4756-86F5-B3D41D9503F9} = {6CE1D800-64BF-41CE-888C-29605F586AC5}
		{85C796A7-FA34-4F8B-8F05-85571BF42677} = {6CE1D800-64BF-41CE-888C-29605F586AC5}
		{721B6A07-6B30-4403-8F2A-92FD376D43C9} = {5E63C5E7-DEA3-4976-A214-5BF862D61B0F}
		{E32D1647-801E-4C1D-984A-7B8AC9057634} = {5E63C5E7-DEA3-4976-A214-5BF862D61B0F}
		{67B8A5D3-F7BA-48E2-87E9-FA059723195F} = {3C318936-D2C7-4B80-AB42-BE4AD5E4C235}
		{1E3BAFCE-B0B0-4786-9531-E0584E507556} = {3C318936-D2C7-4B80-AB42-BE4AD5E4C235}
		{234DC226-19B2-4098-B6DF-010830AA6539} = {753D4650-3156-477E-B557-51F82DF4FED9}
		{A8000BA1-65CB-4A55-9AFF-90A4D9B18D9B} = {753D4650-3156-477E-B557-51F82DF4FED9}
		{C2791115-EE1F-47DB-900C-C147C6F2716B} = {F3BC4440-006B-4BD2-BF3A-66C11C32F288}
		{4C5E9B20-4375-46C7-B11D-95CCA69C28BF} = {F3BC4440-006B-4BD2-BF3A-66C11C32F288}
		{C72480DB-F4B8-4F89-B388-AE99EE83340B} = {234DC226-19B2-4098-B6DF-010830AA6539}
		{85C23601-48EC-4A9A-816B-62789E1022CB} = {234DC226-19B2-4098-B6DF-010830AA6539}
		{2E88AC17-FC2C-49DA-B305-228B14BC446F} = {A8000BA1-65CB-4A55-9AFF-90A4D9B18D9B}
		{52CB2E64-0CFB-43A1-B597-394E4AB88A9A} = {A8000BA1-65CB-4A55-9AFF-90A4D9B18D9B}
		{07508E05-CABE-40C4-AC6F-C80B4D7F0047} = {A8000BA1-65CB-4A55-9AFF-90A4D9B18D9B}
		{9DC35EC0-469C-4865-ABA1-18FC83EA6482} = {2E88AC17-FC2C-49DA-B305-228B14BC446F}
		{5BE8D1CB-DC29-432A-9638-455CBD794B3E} = {52CB2E64-0CFB-43A1-B597-394E4AB88A9A}
	EndGlobalSection
	GlobalSection(ExtensibilityGlobals) = postSolution
		EnterpriseLibraryConfigurationToolBinariesPath = packages\Unity.2.1.505.0\lib\NET35
	EndGlobalSection
EndGlobal
